// !$*UTF8*$!
{
	archiveVersion = 1;
	classes = {
	};
	objectVersion = 46;
	objects = {

/* Begin PBXBuildFile section */
		9F6E6E1F1F8CC6EF00E389D9 /* Main.storyboard in Resources */ = {isa = PBXBuildFile; fileRef = 9F6E6E1D1F8CC6EF00E389D9 /* Main.storyboard */; };
		9F81655B1F975A42009E682F /* HomeViewController.swift in Sources */ = {isa = PBXBuildFile; fileRef = 9F81655A1F975A42009E682F /* HomeViewController.swift */; };
		9F81655D1F9843FE009E682F /* MainLogInViewController.swift in Sources */ = {isa = PBXBuildFile; fileRef = 9F81655C1F9843FE009E682F /* MainLogInViewController.swift */; };
		9FA4F6E71FA9C2510058CE61 /* GoogleService-Info.plist in Resources */ = {isa = PBXBuildFile; fileRef = 9FA4F6E61FA9C2510058CE61 /* GoogleService-Info.plist */; };
		9FC10EA51F7904AD00B4C566 /* AppDelegate.swift in Sources */ = {isa = PBXBuildFile; fileRef = 9FC10EA41F7904AD00B4C566 /* AppDelegate.swift */; };
		9FC10EAF1F7904AD00B4C566 /* LaunchScreen.storyboard in Resources */ = {isa = PBXBuildFile; fileRef = 9FC10EAD1F7904AD00B4C566 /* LaunchScreen.storyboard */; };
		9FC10EBA1F7904AE00B4C566 /* MonitorTests.swift in Sources */ = {isa = PBXBuildFile; fileRef = 9FC10EB91F7904AE00B4C566 /* MonitorTests.swift */; };
		9FC10EC51F7904AE00B4C566 /* MonitorUITests.swift in Sources */ = {isa = PBXBuildFile; fileRef = 9FC10EC41F7904AE00B4C566 /* MonitorUITests.swift */; };
		9FCB94101F94E7150086432E /* EmailViewController.swift in Sources */ = {isa = PBXBuildFile; fileRef = 9FCB940F1F94E7150086432E /* EmailViewController.swift */; };
		9FCC3AE41F9E0D8C006999B3 /* Assets.xcassets in Resources */ = {isa = PBXBuildFile; fileRef = 9FCC3AE31F9E0D8C006999B3 /* Assets.xcassets */; };
		C9DCDD0B5E5D70D89B03CDE0 /* Pods_Monitor.framework in Frameworks */ = {isa = PBXBuildFile; fileRef = 8A8AC87E828DFFC9082B7404 /* Pods_Monitor.framework */; settings = {ATTRIBUTES = (Required, ); }; };
/* End PBXBuildFile section */

/* Begin PBXContainerItemProxy section */
		9FC10EB61F7904AE00B4C566 /* PBXContainerItemProxy */ = {
			isa = PBXContainerItemProxy;
			containerPortal = 9FC10E991F7904AC00B4C566 /* Project object */;
			proxyType = 1;
			remoteGlobalIDString = 9FC10EA01F7904AC00B4C566;
			remoteInfo = Monitor;
		};
		9FC10EC11F7904AE00B4C566 /* PBXContainerItemProxy */ = {
			isa = PBXContainerItemProxy;
			containerPortal = 9FC10E991F7904AC00B4C566 /* Project object */;
			proxyType = 1;
			remoteGlobalIDString = 9FC10EA01F7904AC00B4C566;
			remoteInfo = Monitor;
		};
/* End PBXContainerItemProxy section */

/* Begin PBXFileReference section */
		249E006A1FBAD93400C7652D /* Monitor.entitlements */ = {isa = PBXFileReference; lastKnownFileType = text.plist.entitlements; path = Monitor.entitlements; sourceTree = "<group>"; };
		78881C731417FB957DCE4610 /* Pods-Monitor.debug.xcconfig */ = {isa = PBXFileReference; includeInIndex = 1; lastKnownFileType = text.xcconfig; name = "Pods-Monitor.debug.xcconfig"; path = "Pods/Target Support Files/Pods-Monitor/Pods-Monitor.debug.xcconfig"; sourceTree = "<group>"; };
		8A8AC87E828DFFC9082B7404 /* Pods_Monitor.framework */ = {isa = PBXFileReference; explicitFileType = wrapper.framework; includeInIndex = 0; path = Pods_Monitor.framework; sourceTree = BUILT_PRODUCTS_DIR; };
		9F6E6E1E1F8CC6EF00E389D9 /* Base */ = {isa = PBXFileReference; lastKnownFileType = file.storyboard; name = Base; path = Base.lproj/Main.storyboard; sourceTree = "<group>"; };
		9F81655A1F975A42009E682F /* HomeViewController.swift */ = {isa = PBXFileReference; fileEncoding = 4; lastKnownFileType = sourcecode.swift; path = HomeViewController.swift; sourceTree = "<group>"; };
		9F81655C1F9843FE009E682F /* MainLogInViewController.swift */ = {isa = PBXFileReference; fileEncoding = 4; lastKnownFileType = sourcecode.swift; path = MainLogInViewController.swift; sourceTree = "<group>"; };
		9FA4F6E61FA9C2510058CE61 /* GoogleService-Info.plist */ = {isa = PBXFileReference; fileEncoding = 4; lastKnownFileType = text.plist.xml; path = "GoogleService-Info.plist"; sourceTree = "<group>"; };
		9FC10EA11F7904AC00B4C566 /* Monitor.app */ = {isa = PBXFileReference; explicitFileType = wrapper.application; includeInIndex = 0; path = Monitor.app; sourceTree = BUILT_PRODUCTS_DIR; };
		9FC10EA41F7904AD00B4C566 /* AppDelegate.swift */ = {isa = PBXFileReference; lastKnownFileType = sourcecode.swift; path = AppDelegate.swift; sourceTree = "<group>"; };
		9FC10EAE1F7904AD00B4C566 /* Base */ = {isa = PBXFileReference; lastKnownFileType = file.storyboard; name = Base; path = Base.lproj/LaunchScreen.storyboard; sourceTree = "<group>"; };
		9FC10EB01F7904AE00B4C566 /* Info.plist */ = {isa = PBXFileReference; lastKnownFileType = text.plist.xml; path = Info.plist; sourceTree = "<group>"; };
		9FC10EB51F7904AE00B4C566 /* MonitorTests.xctest */ = {isa = PBXFileReference; explicitFileType = wrapper.cfbundle; includeInIndex = 0; path = MonitorTests.xctest; sourceTree = BUILT_PRODUCTS_DIR; };
		9FC10EB91F7904AE00B4C566 /* MonitorTests.swift */ = {isa = PBXFileReference; lastKnownFileType = sourcecode.swift; path = MonitorTests.swift; sourceTree = "<group>"; };
		9FC10EBB1F7904AE00B4C566 /* Info.plist */ = {isa = PBXFileReference; lastKnownFileType = text.plist.xml; path = Info.plist; sourceTree = "<group>"; };
		9FC10EC01F7904AE00B4C566 /* MonitorUITests.xctest */ = {isa = PBXFileReference; explicitFileType = wrapper.cfbundle; includeInIndex = 0; path = MonitorUITests.xctest; sourceTree = BUILT_PRODUCTS_DIR; };
		9FC10EC41F7904AE00B4C566 /* MonitorUITests.swift */ = {isa = PBXFileReference; lastKnownFileType = sourcecode.swift; path = MonitorUITests.swift; sourceTree = "<group>"; };
		9FC10EC61F7904AE00B4C566 /* Info.plist */ = {isa = PBXFileReference; lastKnownFileType = text.plist.xml; path = Info.plist; sourceTree = "<group>"; };
		9FC10ED21F79073C00B4C566 /* ObjCBridge.h */ = {isa = PBXFileReference; lastKnownFileType = sourcecode.c.h; path = ObjCBridge.h; sourceTree = "<group>"; };
		9FCB940F1F94E7150086432E /* EmailViewController.swift */ = {isa = PBXFileReference; fileEncoding = 4; lastKnownFileType = sourcecode.swift; path = EmailViewController.swift; sourceTree = "<group>"; };
		9FCC3AE31F9E0D8C006999B3 /* Assets.xcassets */ = {isa = PBXFileReference; lastKnownFileType = folder.assetcatalog; path = Assets.xcassets; sourceTree = "<group>"; };
		C9A5D22D0CFC6FF23ECAA78C /* Pods_MonitorUITests.framework */ = {isa = PBXFileReference; explicitFileType = wrapper.framework; includeInIndex = 0; path = Pods_MonitorUITests.framework; sourceTree = BUILT_PRODUCTS_DIR; };
		CB8F91020A264DE5DFA64EDA /* Pods-Monitor.release.xcconfig */ = {isa = PBXFileReference; includeInIndex = 1; lastKnownFileType = text.xcconfig; name = "Pods-Monitor.release.xcconfig"; path = "Pods/Target Support Files/Pods-Monitor/Pods-Monitor.release.xcconfig"; sourceTree = "<group>"; };
		E34D376DC1872449F0CA3C44 /* Pods_MonitorTests.framework */ = {isa = PBXFileReference; explicitFileType = wrapper.framework; includeInIndex = 0; path = Pods_MonitorTests.framework; sourceTree = BUILT_PRODUCTS_DIR; };
		FD95BEF2089FEA5A911C06DB /* Pods-Monitor.ad-hoc.xcconfig */ = {isa = PBXFileReference; includeInIndex = 1; lastKnownFileType = text.xcconfig; name = "Pods-Monitor.ad-hoc.xcconfig"; path = "Pods/Target Support Files/Pods-Monitor/Pods-Monitor.ad-hoc.xcconfig"; sourceTree = "<group>"; };
/* End PBXFileReference section */

/* Begin PBXFrameworksBuildPhase section */
		9FC10E9E1F7904AC00B4C566 /* Frameworks */ = {
			isa = PBXFrameworksBuildPhase;
			buildActionMask = 2147483647;
			files = (
				C9DCDD0B5E5D70D89B03CDE0 /* Pods_Monitor.framework in Frameworks */,
			);
			runOnlyForDeploymentPostprocessing = 0;
		};
		9FC10EB21F7904AE00B4C566 /* Frameworks */ = {
			isa = PBXFrameworksBuildPhase;
			buildActionMask = 2147483647;
			files = (
			);
			runOnlyForDeploymentPostprocessing = 0;
		};
		9FC10EBD1F7904AE00B4C566 /* Frameworks */ = {
			isa = PBXFrameworksBuildPhase;
			buildActionMask = 2147483647;
			files = (
			);
			runOnlyForDeploymentPostprocessing = 0;
		};
/* End PBXFrameworksBuildPhase section */

/* Begin PBXGroup section */
		58F3CBB6280800BBCECB4D65 /* Pods */ = {
			isa = PBXGroup;
			children = (
				78881C731417FB957DCE4610 /* Pods-Monitor.debug.xcconfig */,
				CB8F91020A264DE5DFA64EDA /* Pods-Monitor.release.xcconfig */,
				FD95BEF2089FEA5A911C06DB /* Pods-Monitor.ad-hoc.xcconfig */,
			);
			name = Pods;
			sourceTree = "<group>";
		};
		6F6417F4F34E67E9CF994920 /* Frameworks */ = {
			isa = PBXGroup;
			children = (
				8A8AC87E828DFFC9082B7404 /* Pods_Monitor.framework */,
				E34D376DC1872449F0CA3C44 /* Pods_MonitorTests.framework */,
				C9A5D22D0CFC6FF23ECAA78C /* Pods_MonitorUITests.framework */,
			);
			name = Frameworks;
			sourceTree = "<group>";
		};
		9FC10E981F7904AB00B4C566 = {
			isa = PBXGroup;
			children = (
				9FC10EA31F7904AC00B4C566 /* Monitor */,
				9FC10EB81F7904AE00B4C566 /* MonitorTests */,
				9FC10EC31F7904AE00B4C566 /* MonitorUITests */,
				9FC10EA21F7904AC00B4C566 /* Products */,
				58F3CBB6280800BBCECB4D65 /* Pods */,
				6F6417F4F34E67E9CF994920 /* Frameworks */,
			);
			sourceTree = "<group>";
		};
		9FC10EA21F7904AC00B4C566 /* Products */ = {
			isa = PBXGroup;
			children = (
				9FC10EA11F7904AC00B4C566 /* Monitor.app */,
				9FC10EB51F7904AE00B4C566 /* MonitorTests.xctest */,
				9FC10EC01F7904AE00B4C566 /* MonitorUITests.xctest */,
			);
			name = Products;
			sourceTree = "<group>";
		};
		9FC10EA31F7904AC00B4C566 /* Monitor */ = {
			isa = PBXGroup;
			children = (
				249E006A1FBAD93400C7652D /* Monitor.entitlements */,
				9FC10EA41F7904AD00B4C566 /* AppDelegate.swift */,
				9F81655A1F975A42009E682F /* HomeViewController.swift */,
				9F81655C1F9843FE009E682F /* MainLogInViewController.swift */,
				9FCB940F1F94E7150086432E /* EmailViewController.swift */,
				9F6E6E1D1F8CC6EF00E389D9 /* Main.storyboard */,
				9FC10ED21F79073C00B4C566 /* ObjCBridge.h */,
				9FCC3AE31F9E0D8C006999B3 /* Assets.xcassets */,
				9FC10EAD1F7904AD00B4C566 /* LaunchScreen.storyboard */,
				9FC10EB01F7904AE00B4C566 /* Info.plist */,
				9FA4F6E61FA9C2510058CE61 /* GoogleService-Info.plist */,
			);
			path = Monitor;
			sourceTree = "<group>";
		};
		9FC10EB81F7904AE00B4C566 /* MonitorTests */ = {
			isa = PBXGroup;
			children = (
				9FC10EB91F7904AE00B4C566 /* MonitorTests.swift */,
				9FC10EBB1F7904AE00B4C566 /* Info.plist */,
			);
			path = MonitorTests;
			sourceTree = "<group>";
		};
		9FC10EC31F7904AE00B4C566 /* MonitorUITests */ = {
			isa = PBXGroup;
			children = (
				9FC10EC41F7904AE00B4C566 /* MonitorUITests.swift */,
				9FC10EC61F7904AE00B4C566 /* Info.plist */,
			);
			path = MonitorUITests;
			sourceTree = "<group>";
		};
/* End PBXGroup section */

/* Begin PBXNativeTarget section */
		9FC10EA01F7904AC00B4C566 /* Monitor */ = {
			isa = PBXNativeTarget;
			buildConfigurationList = 9FC10EC91F7904AE00B4C566 /* Build configuration list for PBXNativeTarget "Monitor" */;
			buildPhases = (
				6B9D713DAFAB8D8DB075EB30 /* [CP] Check Pods Manifest.lock */,
				9FC10E9D1F7904AC00B4C566 /* Sources */,
				9FC10E9E1F7904AC00B4C566 /* Frameworks */,
				9FC10E9F1F7904AC00B4C566 /* Resources */,
				4776411944BC7F482841958F /* [CP] Embed Pods Frameworks */,
				8BBDF96505719D64504E0FFF /* [CP] Copy Pods Resources */,
			);
			buildRules = (
			);
			dependencies = (
			);
			name = Monitor;
			productName = Monitor;
			productReference = 9FC10EA11F7904AC00B4C566 /* Monitor.app */;
			productType = "com.apple.product-type.application";
		};
		9FC10EB41F7904AE00B4C566 /* MonitorTests */ = {
			isa = PBXNativeTarget;
			buildConfigurationList = 9FC10ECC1F7904AE00B4C566 /* Build configuration list for PBXNativeTarget "MonitorTests" */;
			buildPhases = (
				9FC10EB11F7904AE00B4C566 /* Sources */,
				9FC10EB21F7904AE00B4C566 /* Frameworks */,
				9FC10EB31F7904AE00B4C566 /* Resources */,
			);
			buildRules = (
			);
			dependencies = (
				9FC10EB71F7904AE00B4C566 /* PBXTargetDependency */,
			);
			name = MonitorTests;
			productName = MonitorTests;
			productReference = 9FC10EB51F7904AE00B4C566 /* MonitorTests.xctest */;
			productType = "com.apple.product-type.bundle.unit-test";
		};
		9FC10EBF1F7904AE00B4C566 /* MonitorUITests */ = {
			isa = PBXNativeTarget;
			buildConfigurationList = 9FC10ECF1F7904AE00B4C566 /* Build configuration list for PBXNativeTarget "MonitorUITests" */;
			buildPhases = (
				9FC10EBC1F7904AE00B4C566 /* Sources */,
				9FC10EBD1F7904AE00B4C566 /* Frameworks */,
				9FC10EBE1F7904AE00B4C566 /* Resources */,
			);
			buildRules = (
			);
			dependencies = (
				9FC10EC21F7904AE00B4C566 /* PBXTargetDependency */,
			);
			name = MonitorUITests;
			productName = MonitorUITests;
			productReference = 9FC10EC01F7904AE00B4C566 /* MonitorUITests.xctest */;
			productType = "com.apple.product-type.bundle.ui-testing";
		};
/* End PBXNativeTarget section */

/* Begin PBXProject section */
		9FC10E991F7904AC00B4C566 /* Project object */ = {
			isa = PBXProject;
			attributes = {
				LastSwiftUpdateCheck = 0830;
				LastUpgradeCheck = 0900;
				ORGANIZATIONNAME = Allen;
				TargetAttributes = {
					9FC10EA01F7904AC00B4C566 = {
						CreatedOnToolsVersion = 8.3.3;
						DevelopmentTeam = SPE48VCVKY;
						LastSwiftMigration = 0900;
						ProvisioningStyle = Automatic;
						SystemCapabilities = {
							com.apple.ApplicationGroups.iOS = {
								enabled = 0;
							};
							com.apple.BackgroundModes = {
								enabled = 1;
							};
							com.apple.DataProtection = {
								enabled = 0;
							};
							com.apple.InterAppAudio = {
								enabled = 0;
							};
							com.apple.Keychain = {
								enabled = 0;
							};
							com.apple.Maps.iOS = {
								enabled = 0;
							};
							com.apple.Push = {
								enabled = 1;
							};
							com.apple.WAC = {
								enabled = 0;
							};
						};
					};
					9FC10EB41F7904AE00B4C566 = {
						CreatedOnToolsVersion = 8.3.3;
						DevelopmentTeam = FPML88AQ58;
						LastSwiftMigration = 0900;
						ProvisioningStyle = Automatic;
						TestTargetID = 9FC10EA01F7904AC00B4C566;
					};
					9FC10EBF1F7904AE00B4C566 = {
						CreatedOnToolsVersion = 8.3.3;
						DevelopmentTeam = FPML88AQ58;
						LastSwiftMigration = 0900;
						ProvisioningStyle = Automatic;
						TestTargetID = 9FC10EA01F7904AC00B4C566;
					};
				};
			};
			buildConfigurationList = 9FC10E9C1F7904AC00B4C566 /* Build configuration list for PBXProject "Monitor" */;
			compatibilityVersion = "Xcode 3.2";
			developmentRegion = English;
			hasScannedForEncodings = 0;
			knownRegions = (
				en,
				Base,
			);
			mainGroup = 9FC10E981F7904AB00B4C566;
			productRefGroup = 9FC10EA21F7904AC00B4C566 /* Products */;
			projectDirPath = "";
			projectRoot = "";
			targets = (
				9FC10EA01F7904AC00B4C566 /* Monitor */,
				9FC10EB41F7904AE00B4C566 /* MonitorTests */,
				9FC10EBF1F7904AE00B4C566 /* MonitorUITests */,
			);
		};
/* End PBXProject section */

/* Begin PBXResourcesBuildPhase section */
		9FC10E9F1F7904AC00B4C566 /* Resources */ = {
			isa = PBXResourcesBuildPhase;
			buildActionMask = 2147483647;
			files = (
				9FC10EAF1F7904AD00B4C566 /* LaunchScreen.storyboard in Resources */,
				9FA4F6E71FA9C2510058CE61 /* GoogleService-Info.plist in Resources */,
				9F6E6E1F1F8CC6EF00E389D9 /* Main.storyboard in Resources */,
				9FCC3AE41F9E0D8C006999B3 /* Assets.xcassets in Resources */,
			);
			runOnlyForDeploymentPostprocessing = 0;
		};
		9FC10EB31F7904AE00B4C566 /* Resources */ = {
			isa = PBXResourcesBuildPhase;
			buildActionMask = 2147483647;
			files = (
			);
			runOnlyForDeploymentPostprocessing = 0;
		};
		9FC10EBE1F7904AE00B4C566 /* Resources */ = {
			isa = PBXResourcesBuildPhase;
			buildActionMask = 2147483647;
			files = (
			);
			runOnlyForDeploymentPostprocessing = 0;
		};
/* End PBXResourcesBuildPhase section */

/* Begin PBXShellScriptBuildPhase section */
		4776411944BC7F482841958F /* [CP] Embed Pods Frameworks */ = {
			isa = PBXShellScriptBuildPhase;
			buildActionMask = 8;
			files = (
			);
			inputPaths = (
				"${SRCROOT}/Pods/Target Support Files/Pods-Monitor/Pods-Monitor-frameworks.sh",
				"${BUILT_PRODUCTS_DIR}/Bolts/Bolts.framework",
				"${BUILT_PRODUCTS_DIR}/FBSDKCoreKit/FBSDKCoreKit.framework",
				"${BUILT_PRODUCTS_DIR}/FBSDKLoginKit/FBSDKLoginKit.framework",
				"${BUILT_PRODUCTS_DIR}/FacebookCore/FacebookCore.framework",
				"${BUILT_PRODUCTS_DIR}/FacebookLogin/FacebookLogin.framework",
				"${BUILT_PRODUCTS_DIR}/GTMOAuth2/GTMOAuth2.framework",
				"${BUILT_PRODUCTS_DIR}/GTMSessionFetcher/GTMSessionFetcher.framework",
				"${BUILT_PRODUCTS_DIR}/GoogleToolboxForMac/GoogleToolboxForMac.framework",
				"${BUILT_PRODUCTS_DIR}/leveldb-library/leveldb.framework",
				"${BUILT_PRODUCTS_DIR}/nanopb/nanopb.framework",
			);
			name = "[CP] Embed Pods Frameworks";
			outputPaths = (
				"${TARGET_BUILD_DIR}/${FRAMEWORKS_FOLDER_PATH}/Bolts.framework",
				"${TARGET_BUILD_DIR}/${FRAMEWORKS_FOLDER_PATH}/FBSDKCoreKit.framework",
				"${TARGET_BUILD_DIR}/${FRAMEWORKS_FOLDER_PATH}/FBSDKLoginKit.framework",
				"${TARGET_BUILD_DIR}/${FRAMEWORKS_FOLDER_PATH}/FacebookCore.framework",
				"${TARGET_BUILD_DIR}/${FRAMEWORKS_FOLDER_PATH}/FacebookLogin.framework",
				"${TARGET_BUILD_DIR}/${FRAMEWORKS_FOLDER_PATH}/GTMOAuth2.framework",
				"${TARGET_BUILD_DIR}/${FRAMEWORKS_FOLDER_PATH}/GTMSessionFetcher.framework",
				"${TARGET_BUILD_DIR}/${FRAMEWORKS_FOLDER_PATH}/GoogleToolboxForMac.framework",
				"${TARGET_BUILD_DIR}/${FRAMEWORKS_FOLDER_PATH}/leveldb.framework",
				"${TARGET_BUILD_DIR}/${FRAMEWORKS_FOLDER_PATH}/nanopb.framework",
			);
			runOnlyForDeploymentPostprocessing = 1;
			shellPath = /bin/sh;
			shellScript = "\"${SRCROOT}/Pods/Target Support Files/Pods-Monitor/Pods-Monitor-frameworks.sh\"\n";
			showEnvVarsInLog = 0;
		};
		6B9D713DAFAB8D8DB075EB30 /* [CP] Check Pods Manifest.lock */ = {
			isa = PBXShellScriptBuildPhase;
			buildActionMask = 12;
			files = (
			);
			inputPaths = (
				"${PODS_PODFILE_DIR_PATH}/Podfile.lock",
				"${PODS_ROOT}/Manifest.lock",
			);
			name = "[CP] Check Pods Manifest.lock";
			outputPaths = (
				"$(DERIVED_FILE_DIR)/Pods-Monitor-checkManifestLockResult.txt",
			);
			runOnlyForDeploymentPostprocessing = 0;
			shellPath = /bin/sh;
			shellScript = "diff \"${PODS_PODFILE_DIR_PATH}/Podfile.lock\" \"${PODS_ROOT}/Manifest.lock\" > /dev/null\nif [ $? != 0 ] ; then\n    # print error to STDERR\n    echo \"error: The sandbox is not in sync with the Podfile.lock. Run 'pod install' or update your CocoaPods installation.\" >&2\n    exit 1\nfi\n# This output is used by Xcode 'outputs' to avoid re-running this script phase.\necho \"SUCCESS\" > \"${SCRIPT_OUTPUT_FILE_0}\"\n";
			showEnvVarsInLog = 0;
		};
		8BBDF96505719D64504E0FFF /* [CP] Copy Pods Resources */ = {
			isa = PBXShellScriptBuildPhase;
			buildActionMask = 8;
			files = (
			);
			inputPaths = (
				"${SRCROOT}/Pods/Target Support Files/Pods-Monitor/Pods-Monitor-resources.sh",
				"${PODS_ROOT}/GoogleSignIn/Resources/GoogleSignIn.bundle",
			);
			name = "[CP] Copy Pods Resources";
			outputPaths = (
				"${TARGET_BUILD_DIR}/${UNLOCALIZED_RESOURCES_FOLDER_PATH}",
			);
			runOnlyForDeploymentPostprocessing = 1;
			shellPath = /bin/sh;
			shellScript = "\"${SRCROOT}/Pods/Target Support Files/Pods-Monitor/Pods-Monitor-resources.sh\"\n";
		};
/* End PBXShellScriptBuildPhase section */

/* Begin PBXSourcesBuildPhase section */
		9FC10E9D1F7904AC00B4C566 /* Sources */ = {
			isa = PBXSourcesBuildPhase;
			buildActionMask = 2147483647;
			files = (
				9FCB94101F94E7150086432E /* EmailViewController.swift in Sources */,
				9F81655D1F9843FE009E682F /* MainLogInViewController.swift in Sources */,
				9FC10EA51F7904AD00B4C566 /* AppDelegate.swift in Sources */,
				9F81655B1F975A42009E682F /* HomeViewController.swift in Sources */,
			);
			runOnlyForDeploymentPostprocessing = 0;
		};
		9FC10EB11F7904AE00B4C566 /* Sources */ = {
			isa = PBXSourcesBuildPhase;
			buildActionMask = 2147483647;
			files = (
				9FC10EBA1F7904AE00B4C566 /* MonitorTests.swift in Sources */,
			);
			runOnlyForDeploymentPostprocessing = 0;
		};
		9FC10EBC1F7904AE00B4C566 /* Sources */ = {
			isa = PBXSourcesBuildPhase;
			buildActionMask = 2147483647;
			files = (
				9FC10EC51F7904AE00B4C566 /* MonitorUITests.swift in Sources */,
			);
			runOnlyForDeploymentPostprocessing = 0;
		};
/* End PBXSourcesBuildPhase section */

/* Begin PBXTargetDependency section */
		9FC10EB71F7904AE00B4C566 /* PBXTargetDependency */ = {
			isa = PBXTargetDependency;
			target = 9FC10EA01F7904AC00B4C566 /* Monitor */;
			targetProxy = 9FC10EB61F7904AE00B4C566 /* PBXContainerItemProxy */;
		};
		9FC10EC21F7904AE00B4C566 /* PBXTargetDependency */ = {
			isa = PBXTargetDependency;
			target = 9FC10EA01F7904AC00B4C566 /* Monitor */;
			targetProxy = 9FC10EC11F7904AE00B4C566 /* PBXContainerItemProxy */;
		};
/* End PBXTargetDependency section */

/* Begin PBXVariantGroup section */
		9F6E6E1D1F8CC6EF00E389D9 /* Main.storyboard */ = {
			isa = PBXVariantGroup;
			children = (
				9F6E6E1E1F8CC6EF00E389D9 /* Base */,
			);
			name = Main.storyboard;
			sourceTree = "<group>";
		};
		9FC10EAD1F7904AD00B4C566 /* LaunchScreen.storyboard */ = {
			isa = PBXVariantGroup;
			children = (
				9FC10EAE1F7904AD00B4C566 /* Base */,
			);
			name = LaunchScreen.storyboard;
			sourceTree = "<group>";
		};
/* End PBXVariantGroup section */

/* Begin XCBuildConfiguration section */
		24F8FA2D1FB9BCD200EDDE23 /* Ad-Hoc */ = {
			isa = XCBuildConfiguration;
			buildSettings = {
				ALWAYS_SEARCH_USER_PATHS = NO;
				CLANG_ANALYZER_NONNULL = YES;
				CLANG_ANALYZER_NUMBER_OBJECT_CONVERSION = YES_AGGRESSIVE;
				CLANG_CXX_LANGUAGE_STANDARD = "gnu++0x";
				CLANG_CXX_LIBRARY = "libc++";
				CLANG_ENABLE_MODULES = YES;
				CLANG_ENABLE_OBJC_ARC = YES;
				CLANG_WARN_BLOCK_CAPTURE_AUTORELEASING = YES;
				CLANG_WARN_BOOL_CONVERSION = YES;
				CLANG_WARN_COMMA = YES;
				CLANG_WARN_CONSTANT_CONVERSION = YES;
				CLANG_WARN_DIRECT_OBJC_ISA_USAGE = YES_ERROR;
				CLANG_WARN_DOCUMENTATION_COMMENTS = YES;
				CLANG_WARN_EMPTY_BODY = YES;
				CLANG_WARN_ENUM_CONVERSION = YES;
				CLANG_WARN_INFINITE_RECURSION = YES;
				CLANG_WARN_INT_CONVERSION = YES;
				CLANG_WARN_NON_LITERAL_NULL_CONVERSION = YES;
				CLANG_WARN_OBJC_LITERAL_CONVERSION = YES;
				CLANG_WARN_OBJC_ROOT_CLASS = YES_ERROR;
				CLANG_WARN_RANGE_LOOP_ANALYSIS = YES;
				CLANG_WARN_STRICT_PROTOTYPES = YES;
				CLANG_WARN_SUSPICIOUS_MOVE = YES;
				CLANG_WARN_UNREACHABLE_CODE = YES;
				CLANG_WARN__DUPLICATE_METHOD_MATCH = YES;
				CODE_SIGN_IDENTITY = "iPhone Developer";
				"CODE_SIGN_IDENTITY[sdk=iphoneos*]" = "iPhone Developer";
				COPY_PHASE_STRIP = NO;
				DEBUG_INFORMATION_FORMAT = "dwarf-with-dsym";
				ENABLE_NS_ASSERTIONS = NO;
				ENABLE_STRICT_OBJC_MSGSEND = YES;
				GCC_C_LANGUAGE_STANDARD = gnu99;
				GCC_NO_COMMON_BLOCKS = YES;
				GCC_WARN_64_TO_32_BIT_CONVERSION = YES;
				GCC_WARN_ABOUT_RETURN_TYPE = YES_ERROR;
				GCC_WARN_UNDECLARED_SELECTOR = YES;
				GCC_WARN_UNINITIALIZED_AUTOS = YES_AGGRESSIVE;
				GCC_WARN_UNUSED_FUNCTION = YES;
				GCC_WARN_UNUSED_VARIABLE = YES;
				IPHONEOS_DEPLOYMENT_TARGET = 9.0;
				MTL_ENABLE_DEBUG_INFO = NO;
				SDKROOT = iphoneos;
				SWIFT_OPTIMIZATION_LEVEL = "-Owholemodule";
				TARGETED_DEVICE_FAMILY = "1,2";
				VALIDATE_PRODUCT = YES;
			};
			name = "Ad-Hoc";
		};
		24F8FA2E1FB9BCD200EDDE23 /* Ad-Hoc */ = {
			isa = XCBuildConfiguration;
			baseConfigurationReference = FD95BEF2089FEA5A911C06DB /* Pods-Monitor.ad-hoc.xcconfig */;
			buildSettings = {
				ALWAYS_SEARCH_USER_PATHS = NO;
				ASSETCATALOG_COMPILER_APPICON_NAME = AppIcon;
				CLANG_ALLOW_NON_MODULAR_INCLUDES_IN_FRAMEWORK_MODULES = YES;
				CODE_SIGN_ENTITLEMENTS = Monitor/Monitor.entitlements;
				CODE_SIGN_IDENTITY = "iPhone Developer";
				"CODE_SIGN_IDENTITY[sdk=iphoneos*]" = "iPhone Developer";
				CODE_SIGN_STYLE = Automatic;
				DEVELOPMENT_TEAM = SPE48VCVKY;
				ENABLE_BITCODE = YES;
				FRAMEWORK_SEARCH_PATHS = (
					"$(inherited)",
					"\"${PODS_ROOT}/EstimoteSDK/EstimoteSDK\"",
					"\"${PODS_ROOT}/FirebaseAnalytics/Frameworks\"",
					"\"${PODS_ROOT}/FirebaseAuth/Frameworks\"",
					"\"${PODS_ROOT}/FirebaseCore/Frameworks\"",
					"\"${PODS_ROOT}/FirebaseDatabase/Frameworks\"",
					"\"${PODS_ROOT}/FirebaseInstanceID/Frameworks\"",
					"\"${PODS_ROOT}/GoogleSignIn/Frameworks\"",
					"\"$PODS_CONFIGURATION_BUILD_DIR/FBSDKCoreKit\"/**",
					"\"$PODS_CONFIGURATION_BUILD_DIR/FBSDKLoginKit\"/**",
				);
				HEADER_SEARCH_PATHS = (
					"$(inherited)",
					"\"${PODS_ROOT}/Headers/EstimoteIndoorSDK\"",
					"\"${PODS_ROOT}/Headers/EstimoteSDK\"",
					"${PODS_ROOT}/Firebase/Core/Sources",
					"\"${PODS_ROOT}/leveldb-library/\"",
					"\"${PODS_ROOT}/leveldb-library/include\"",
					"$(inherited)",
					"\"${PODS_ROOT}/Headers/Public\"",
					"\"${PODS_ROOT}/Headers/Public/EstimoteIndoorSDK\"",
					"\"${PODS_ROOT}/Headers/Public/EstimoteSDK\"",
					"\"${PODS_ROOT}/Headers/Public/Firebase\"",
					"\"${PODS_ROOT}/Headers/Public/FirebaseAnalytics\"",
					"\"${PODS_ROOT}/Headers/Public/FirebaseAuth\"",
					"\"${PODS_ROOT}/Headers/Public/FirebaseCore\"",
					"\"${PODS_ROOT}/Headers/Public/FirebaseDatabase\"",
					"\"${PODS_ROOT}/Headers/Public/FirebaseInstanceID\"",
					"\"${PODS_ROOT}/Headers/Public/GoogleSignIn\"",
				);
				INFOPLIST_FILE = Monitor/Info.plist;
				IPHONEOS_DEPLOYMENT_TARGET = 9.0;
				LD_RUNPATH_SEARCH_PATHS = "$(inherited) @executable_path/Frameworks";
				PRODUCT_BUNDLE_IDENTIFIER = sslab302.Monitor;
				PRODUCT_NAME = "$(TARGET_NAME)";
				PROVISIONING_PROFILE_SPECIFIER = "";
				SWIFT_OBJC_BRIDGING_HEADER = "${PROJECT_NAME}/ObjCBridge.h";
				SWIFT_VERSION = 4.0;
				TARGETED_DEVICE_FAMILY = "1,2";
			};
			name = "Ad-Hoc";
		};
		24F8FA2F1FB9BCD200EDDE23 /* Ad-Hoc */ = {
			isa = XCBuildConfiguration;
			buildSettings = {
				ALWAYS_EMBED_SWIFT_STANDARD_LIBRARIES = YES;
				BUNDLE_LOADER = "$(TEST_HOST)";
				CLANG_ALLOW_NON_MODULAR_INCLUDES_IN_FRAMEWORK_MODULES = YES;
				DEVELOPMENT_TEAM = FPML88AQ58;
				INFOPLIST_FILE = MonitorTests/Info.plist;
				LD_RUNPATH_SEARCH_PATHS = "$(inherited) @executable_path/Frameworks @loader_path/Frameworks";
				PRODUCT_BUNDLE_IDENTIFIER = sslab.MonitorTests;
				PRODUCT_NAME = "$(TARGET_NAME)";
				SWIFT_VERSION = 4.0;
				TEST_HOST = "$(BUILT_PRODUCTS_DIR)/Monitor.app/Monitor";
			};
			name = "Ad-Hoc";
		};
		24F8FA301FB9BCD200EDDE23 /* Ad-Hoc */ = {
			isa = XCBuildConfiguration;
			buildSettings = {
				ALWAYS_EMBED_SWIFT_STANDARD_LIBRARIES = YES;
				CLANG_ALLOW_NON_MODULAR_INCLUDES_IN_FRAMEWORK_MODULES = YES;
				DEVELOPMENT_TEAM = FPML88AQ58;
				INFOPLIST_FILE = MonitorUITests/Info.plist;
				LD_RUNPATH_SEARCH_PATHS = "$(inherited) @executable_path/Frameworks @loader_path/Frameworks";
				PRODUCT_BUNDLE_IDENTIFIER = sslab.MonitorUITests;
				PRODUCT_NAME = "$(TARGET_NAME)";
				SWIFT_VERSION = 4.0;
				TEST_TARGET_NAME = Monitor;
			};
			name = "Ad-Hoc";
		};
		9FC10EC71F7904AE00B4C566 /* Debug */ = {
			isa = XCBuildConfiguration;
			buildSettings = {
				ALWAYS_SEARCH_USER_PATHS = NO;
				CLANG_ANALYZER_NONNULL = YES;
				CLANG_ANALYZER_NUMBER_OBJECT_CONVERSION = YES_AGGRESSIVE;
				CLANG_CXX_LANGUAGE_STANDARD = "gnu++0x";
				CLANG_CXX_LIBRARY = "libc++";
				CLANG_ENABLE_MODULES = YES;
				CLANG_ENABLE_OBJC_ARC = YES;
				CLANG_WARN_BLOCK_CAPTURE_AUTORELEASING = YES;
				CLANG_WARN_BOOL_CONVERSION = YES;
				CLANG_WARN_COMMA = YES;
				CLANG_WARN_CONSTANT_CONVERSION = YES;
				CLANG_WARN_DIRECT_OBJC_ISA_USAGE = YES_ERROR;
				CLANG_WARN_DOCUMENTATION_COMMENTS = YES;
				CLANG_WARN_EMPTY_BODY = YES;
				CLANG_WARN_ENUM_CONVERSION = YES;
				CLANG_WARN_INFINITE_RECURSION = YES;
				CLANG_WARN_INT_CONVERSION = YES;
				CLANG_WARN_NON_LITERAL_NULL_CONVERSION = YES;
				CLANG_WARN_OBJC_LITERAL_CONVERSION = YES;
				CLANG_WARN_OBJC_ROOT_CLASS = YES_ERROR;
				CLANG_WARN_RANGE_LOOP_ANALYSIS = YES;
				CLANG_WARN_STRICT_PROTOTYPES = YES;
				CLANG_WARN_SUSPICIOUS_MOVE = YES;
				CLANG_WARN_UNREACHABLE_CODE = YES;
				CLANG_WARN__DUPLICATE_METHOD_MATCH = YES;
				"CODE_SIGN_IDENTITY[sdk=iphoneos*]" = "iPhone Developer";
				COPY_PHASE_STRIP = NO;
				DEBUG_INFORMATION_FORMAT = dwarf;
				ENABLE_STRICT_OBJC_MSGSEND = YES;
				ENABLE_TESTABILITY = YES;
				GCC_C_LANGUAGE_STANDARD = gnu99;
				GCC_DYNAMIC_NO_PIC = NO;
				GCC_NO_COMMON_BLOCKS = YES;
				GCC_OPTIMIZATION_LEVEL = 0;
				GCC_PREPROCESSOR_DEFINITIONS = (
					"DEBUG=1",
					"$(inherited)",
				);
				GCC_WARN_64_TO_32_BIT_CONVERSION = YES;
				GCC_WARN_ABOUT_RETURN_TYPE = YES_ERROR;
				GCC_WARN_UNDECLARED_SELECTOR = YES;
				GCC_WARN_UNINITIALIZED_AUTOS = YES_AGGRESSIVE;
				GCC_WARN_UNUSED_FUNCTION = YES;
				GCC_WARN_UNUSED_VARIABLE = YES;
				IPHONEOS_DEPLOYMENT_TARGET = 9.0;
				MTL_ENABLE_DEBUG_INFO = YES;
				ONLY_ACTIVE_ARCH = YES;
				SDKROOT = iphoneos;
				SWIFT_ACTIVE_COMPILATION_CONDITIONS = DEBUG;
				SWIFT_OPTIMIZATION_LEVEL = "-Onone";
				TARGETED_DEVICE_FAMILY = "1,2";
			};
			name = Debug;
		};
		9FC10EC81F7904AE00B4C566 /* Release */ = {
			isa = XCBuildConfiguration;
			buildSettings = {
				ALWAYS_SEARCH_USER_PATHS = NO;
				CLANG_ANALYZER_NONNULL = YES;
				CLANG_ANALYZER_NUMBER_OBJECT_CONVERSION = YES_AGGRESSIVE;
				CLANG_CXX_LANGUAGE_STANDARD = "gnu++0x";
				CLANG_CXX_LIBRARY = "libc++";
				CLANG_ENABLE_MODULES = YES;
				CLANG_ENABLE_OBJC_ARC = YES;
				CLANG_WARN_BLOCK_CAPTURE_AUTORELEASING = YES;
				CLANG_WARN_BOOL_CONVERSION = YES;
				CLANG_WARN_COMMA = YES;
				CLANG_WARN_CONSTANT_CONVERSION = YES;
				CLANG_WARN_DIRECT_OBJC_ISA_USAGE = YES_ERROR;
				CLANG_WARN_DOCUMENTATION_COMMENTS = YES;
				CLANG_WARN_EMPTY_BODY = YES;
				CLANG_WARN_ENUM_CONVERSION = YES;
				CLANG_WARN_INFINITE_RECURSION = YES;
				CLANG_WARN_INT_CONVERSION = YES;
				CLANG_WARN_NON_LITERAL_NULL_CONVERSION = YES;
				CLANG_WARN_OBJC_LITERAL_CONVERSION = YES;
				CLANG_WARN_OBJC_ROOT_CLASS = YES_ERROR;
				CLANG_WARN_RANGE_LOOP_ANALYSIS = YES;
				CLANG_WARN_STRICT_PROTOTYPES = YES;
				CLANG_WARN_SUSPICIOUS_MOVE = YES;
				CLANG_WARN_UNREACHABLE_CODE = YES;
				CLANG_WARN__DUPLICATE_METHOD_MATCH = YES;
				"CODE_SIGN_IDENTITY[sdk=iphoneos*]" = "iPhone Developer";
				COPY_PHASE_STRIP = NO;
				DEBUG_INFORMATION_FORMAT = "dwarf-with-dsym";
				ENABLE_NS_ASSERTIONS = NO;
				ENABLE_STRICT_OBJC_MSGSEND = YES;
				GCC_C_LANGUAGE_STANDARD = gnu99;
				GCC_NO_COMMON_BLOCKS = YES;
				GCC_WARN_64_TO_32_BIT_CONVERSION = YES;
				GCC_WARN_ABOUT_RETURN_TYPE = YES_ERROR;
				GCC_WARN_UNDECLARED_SELECTOR = YES;
				GCC_WARN_UNINITIALIZED_AUTOS = YES_AGGRESSIVE;
				GCC_WARN_UNUSED_FUNCTION = YES;
				GCC_WARN_UNUSED_VARIABLE = YES;
				IPHONEOS_DEPLOYMENT_TARGET = 9.0;
				MTL_ENABLE_DEBUG_INFO = NO;
				SDKROOT = iphoneos;
				SWIFT_OPTIMIZATION_LEVEL = "-Owholemodule";
				TARGETED_DEVICE_FAMILY = "1,2";
				VALIDATE_PRODUCT = YES;
			};
			name = Release;
		};
		9FC10ECA1F7904AE00B4C566 /* Debug */ = {
			isa = XCBuildConfiguration;
			baseConfigurationReference = 78881C731417FB957DCE4610 /* Pods-Monitor.debug.xcconfig */;
			buildSettings = {
				ALWAYS_SEARCH_USER_PATHS = NO;
				ASSETCATALOG_COMPILER_APPICON_NAME = AppIcon;
				CLANG_ALLOW_NON_MODULAR_INCLUDES_IN_FRAMEWORK_MODULES = YES;
				CODE_SIGN_ENTITLEMENTS = Monitor/Monitor.entitlements;
				CODE_SIGN_IDENTITY = "iPhone Developer";
				"CODE_SIGN_IDENTITY[sdk=iphoneos*]" = "iPhone Developer";
				CODE_SIGN_STYLE = Automatic;
				DEVELOPMENT_TEAM = SPE48VCVKY;
				ENABLE_BITCODE = YES;
				FRAMEWORK_SEARCH_PATHS = (
					"$(inherited)",
					"\"${PODS_ROOT}/EstimoteSDK/EstimoteSDK\"",
					"\"${PODS_ROOT}/FirebaseAnalytics/Frameworks\"",
					"\"${PODS_ROOT}/FirebaseAuth/Frameworks\"",
					"\"${PODS_ROOT}/FirebaseCore/Frameworks\"",
					"\"${PODS_ROOT}/FirebaseDatabase/Frameworks\"",
					"\"${PODS_ROOT}/FirebaseInstanceID/Frameworks\"",
					"\"${PODS_ROOT}/GoogleSignIn/Frameworks\"",
					"\"$PODS_CONFIGURATION_BUILD_DIR/FBSDKCoreKit\"/**",
					"\"$PODS_CONFIGURATION_BUILD_DIR/FBSDKLoginKit\"/**",
				);
				HEADER_SEARCH_PATHS = (
					"$(inherited)",
					"\"${PODS_ROOT}/Headers/EstimoteIndoorSDK\"",
					"\"${PODS_ROOT}/Headers/EstimoteSDK\"",
					"${PODS_ROOT}/Firebase/Core/Sources",
					"\"${PODS_ROOT}/leveldb-library/\"",
					"\"${PODS_ROOT}/leveldb-library/include\"",
					"$(inherited)",
					"\"${PODS_ROOT}/Headers/Public\"",
					"\"${PODS_ROOT}/Headers/Public/EstimoteIndoorSDK\"",
					"\"${PODS_ROOT}/Headers/Public/EstimoteSDK\"",
					"\"${PODS_ROOT}/Headers/Public/Firebase\"",
					"\"${PODS_ROOT}/Headers/Public/FirebaseAnalytics\"",
					"\"${PODS_ROOT}/Headers/Public/FirebaseAuth\"",
					"\"${PODS_ROOT}/Headers/Public/FirebaseCore\"",
					"\"${PODS_ROOT}/Headers/Public/FirebaseDatabase\"",
					"\"${PODS_ROOT}/Headers/Public/FirebaseInstanceID\"",
					"\"${PODS_ROOT}/Headers/Public/GoogleSignIn\"",
				);
				INFOPLIST_FILE = Monitor/Info.plist;
				IPHONEOS_DEPLOYMENT_TARGET = 9.0;
				LD_RUNPATH_SEARCH_PATHS = "$(inherited) @executable_path/Frameworks";
				PRODUCT_BUNDLE_IDENTIFIER = sslab302.Monitor;
				PRODUCT_NAME = "$(TARGET_NAME)";
				PROVISIONING_PROFILE_SPECIFIER = "";
				SWIFT_OBJC_BRIDGING_HEADER = "${PROJECT_NAME}/ObjCBridge.h";
				SWIFT_VERSION = 4.0;
				TARGETED_DEVICE_FAMILY = "1,2";
			};
			name = Debug;
		};
		9FC10ECB1F7904AE00B4C566 /* Release */ = {
			isa = XCBuildConfiguration;
			baseConfigurationReference = CB8F91020A264DE5DFA64EDA /* Pods-Monitor.release.xcconfig */;
			buildSettings = {
				ALWAYS_SEARCH_USER_PATHS = NO;
				ASSETCATALOG_COMPILER_APPICON_NAME = AppIcon;
				CLANG_ALLOW_NON_MODULAR_INCLUDES_IN_FRAMEWORK_MODULES = YES;
				CODE_SIGN_ENTITLEMENTS = Monitor/Monitor.entitlements;
				CODE_SIGN_IDENTITY = "iPhone Developer";
				"CODE_SIGN_IDENTITY[sdk=iphoneos*]" = "iPhone Developer";
				CODE_SIGN_STYLE = Automatic;
				DEVELOPMENT_TEAM = SPE48VCVKY;
				ENABLE_BITCODE = YES;
				FRAMEWORK_SEARCH_PATHS = (
					"$(inherited)",
					"\"${PODS_ROOT}/EstimoteSDK/EstimoteSDK\"",
					"\"${PODS_ROOT}/FirebaseAnalytics/Frameworks\"",
					"\"${PODS_ROOT}/FirebaseAuth/Frameworks\"",
					"\"${PODS_ROOT}/FirebaseCore/Frameworks\"",
					"\"${PODS_ROOT}/FirebaseDatabase/Frameworks\"",
					"\"${PODS_ROOT}/FirebaseInstanceID/Frameworks\"",
					"\"${PODS_ROOT}/GoogleSignIn/Frameworks\"",
					"\"$PODS_CONFIGURATION_BUILD_DIR/FBSDKCoreKit\"/**",
					"\"$PODS_CONFIGURATION_BUILD_DIR/FBSDKLoginKit\"/**",
				);
				HEADER_SEARCH_PATHS = (
					"$(inherited)",
					"\"${PODS_ROOT}/Headers/EstimoteIndoorSDK\"",
					"\"${PODS_ROOT}/Headers/EstimoteSDK\"",
					"${PODS_ROOT}/Firebase/Core/Sources",
					"\"${PODS_ROOT}/leveldb-library/\"",
					"\"${PODS_ROOT}/leveldb-library/include\"",
					"$(inherited)",
					"\"${PODS_ROOT}/Headers/Public\"",
					"\"${PODS_ROOT}/Headers/Public/EstimoteIndoorSDK\"",
					"\"${PODS_ROOT}/Headers/Public/EstimoteSDK\"",
					"\"${PODS_ROOT}/Headers/Public/Firebase\"",
					"\"${PODS_ROOT}/Headers/Public/FirebaseAnalytics\"",
					"\"${PODS_ROOT}/Headers/Public/FirebaseAuth\"",
					"\"${PODS_ROOT}/Headers/Public/FirebaseCore\"",
					"\"${PODS_ROOT}/Headers/Public/FirebaseDatabase\"",
					"\"${PODS_ROOT}/Headers/Public/FirebaseInstanceID\"",
					"\"${PODS_ROOT}/Headers/Public/GoogleSignIn\"",
				);
				INFOPLIST_FILE = Monitor/Info.plist;
				IPHONEOS_DEPLOYMENT_TARGET = 9.0;
				LD_RUNPATH_SEARCH_PATHS = "$(inherited) @executable_path/Frameworks";
				PRODUCT_BUNDLE_IDENTIFIER = sslab302.Monitor;
				PRODUCT_NAME = "$(TARGET_NAME)";
				PROVISIONING_PROFILE_SPECIFIER = "";
				SWIFT_OBJC_BRIDGING_HEADER = "${PROJECT_NAME}/ObjCBridge.h";
				SWIFT_VERSION = 4.0;
				TARGETED_DEVICE_FAMILY = "1,2";
			};
			name = Release;
		};
		9FC10ECD1F7904AE00B4C566 /* Debug */ = {
			isa = XCBuildConfiguration;
			buildSettings = {
				ALWAYS_EMBED_SWIFT_STANDARD_LIBRARIES = YES;
				BUNDLE_LOADER = "$(TEST_HOST)";
				CLANG_ALLOW_NON_MODULAR_INCLUDES_IN_FRAMEWORK_MODULES = YES;
				DEVELOPMENT_TEAM = FPML88AQ58;
				INFOPLIST_FILE = MonitorTests/Info.plist;
				LD_RUNPATH_SEARCH_PATHS = "$(inherited) @executable_path/Frameworks @loader_path/Frameworks";
				PRODUCT_BUNDLE_IDENTIFIER = sslab.MonitorTests;
				PRODUCT_NAME = "$(TARGET_NAME)";
				SWIFT_VERSION = 4.0;
				TEST_HOST = "$(BUILT_PRODUCTS_DIR)/Monitor.app/Monitor";
			};
			name = Debug;
		};
		9FC10ECE1F7904AE00B4C566 /* Release */ = {
			isa = XCBuildConfiguration;
			buildSettings = {
				ALWAYS_EMBED_SWIFT_STANDARD_LIBRARIES = YES;
				BUNDLE_LOADER = "$(TEST_HOST)";
				CLANG_ALLOW_NON_MODULAR_INCLUDES_IN_FRAMEWORK_MODULES = YES;
				DEVELOPMENT_TEAM = FPML88AQ58;
				INFOPLIST_FILE = MonitorTests/Info.plist;
				LD_RUNPATH_SEARCH_PATHS = "$(inherited) @executable_path/Frameworks @loader_path/Frameworks";
				PRODUCT_BUNDLE_IDENTIFIER = sslab.MonitorTests;
				PRODUCT_NAME = "$(TARGET_NAME)";
				SWIFT_VERSION = 4.0;
				TEST_HOST = "$(BUILT_PRODUCTS_DIR)/Monitor.app/Monitor";
			};
			name = Release;
		};
		9FC10ED01F7904AE00B4C566 /* Debug */ = {
			isa = XCBuildConfiguration;
			buildSettings = {
				ALWAYS_EMBED_SWIFT_STANDARD_LIBRARIES = YES;
				CLANG_ALLOW_NON_MODULAR_INCLUDES_IN_FRAMEWORK_MODULES = YES;
				DEVELOPMENT_TEAM = FPML88AQ58;
				INFOPLIST_FILE = MonitorUITests/Info.plist;
				LD_RUNPATH_SEARCH_PATHS = "$(inherited) @executable_path/Frameworks @loader_path/Frameworks";
				PRODUCT_BUNDLE_IDENTIFIER = sslab.MonitorUITests;
				PRODUCT_NAME = "$(TARGET_NAME)";
				SWIFT_VERSION = 4.0;
				TEST_TARGET_NAME = Monitor;
			};
			name = Debug;
		};
		9FC10ED11F7904AE00B4C566 /* Release */ = {
			isa = XCBuildConfiguration;
			buildSettings = {
				ALWAYS_EMBED_SWIFT_STANDARD_LIBRARIES = YES;
				CLANG_ALLOW_NON_MODULAR_INCLUDES_IN_FRAMEWORK_MODULES = YES;
				DEVELOPMENT_TEAM = FPML88AQ58;
				INFOPLIST_FILE = MonitorUITests/Info.plist;
				LD_RUNPATH_SEARCH_PATHS = "$(inherited) @executable_path/Frameworks @loader_path/Frameworks";
				PRODUCT_BUNDLE_IDENTIFIER = sslab.MonitorUITests;
				PRODUCT_NAME = "$(TARGET_NAME)";
				SWIFT_VERSION = 4.0;
				TEST_TARGET_NAME = Monitor;
			};
			name = Release;
		};
/* End XCBuildConfiguration section */

/* Begin XCConfigurationList section */
		9FC10E9C1F7904AC00B4C566 /* Build configuration list for PBXProject "Monitor" */ = {
			isa = XCConfigurationList;
			buildConfigurations = (
				9FC10EC71F7904AE00B4C566 /* Debug */,
				9FC10EC81F7904AE00B4C566 /* Release */,
				24F8FA2D1FB9BCD200EDDE23 /* Ad-Hoc */,
			);
			defaultConfigurationIsVisible = 0;
			defaultConfigurationName = Release;
		};
		9FC10EC91F7904AE00B4C566 /* Build configuration list for PBXNativeTarget "Monitor" */ = {
			isa = XCConfigurationList;
			buildConfigurations = (
				9FC10ECA1F7904AE00B4C566 /* Debug */,
				9FC10ECB1F7904AE00B4C566 /* Release */,
				24F8FA2E1FB9BCD200EDDE23 /* Ad-Hoc */,
			);
			defaultConfigurationIsVisible = 0;
			defaultConfigurationName = Release;
		};
		9FC10ECC1F7904AE00B4C566 /* Build configuration list for PBXNativeTarget "MonitorTests" */ = {
			isa = XCConfigurationList;
			buildConfigurations = (
				9FC10ECD1F7904AE00B4C566 /* Debug */,
				9FC10ECE1F7904AE00B4C566 /* Release */,
				24F8FA2F1FB9BCD200EDDE23 /* Ad-Hoc */,
			);
			defaultConfigurationIsVisible = 0;
			defaultConfigurationName = Release;
		};
		9FC10ECF1F7904AE00B4C566 /* Build configuration list for PBXNativeTarget "MonitorUITests" */ = {
			isa = XCConfigurationList;
			buildConfigurations = (
				9FC10ED01F7904AE00B4C566 /* Debug */,
				9FC10ED11F7904AE00B4C566 /* Release */,
				24F8FA301FB9BCD200EDDE23 /* Ad-Hoc */,
			);
			defaultConfigurationIsVisible = 0;
			defaultConfigurationName = Release;
		};
/* End XCConfigurationList section */
	};
	rootObject = 9FC10E991F7904AC00B4C566 /* Project object */;
}
